// !$*UTF8*$!
{
	archiveVersion = 1;
	classes = {
	};
	objectVersion = 46;
	objects = {

/* Begin PBXBuildFile section */
		0210E7761D78A10B0078DEB2 /* STCPreviewParser.m in Sources */ = {isa = PBXBuildFile; fileRef = 0210E7751D78A10B0078DEB2 /* STCPreviewParser.m */; };
		0210E7791D78B59A0078DEB2 /* STCGlobals.m in Sources */ = {isa = PBXBuildFile; fileRef = 0210E7781D78B59A0078DEB2 /* STCGlobals.m */; };
		022C65BE1D7A220900A9C5D5 /* STCSummaryParser.m in Sources */ = {isa = PBXBuildFile; fileRef = 022C65BD1D7A220900A9C5D5 /* STCSummaryParser.m */; };
		026600FA1D786F7F0022C79D /* STCSummary.m in Sources */ = {isa = PBXBuildFile; fileRef = 026600F91D786F7F0022C79D /* STCSummary.m */; };
		026600FD1D7870F60022C79D /* STCSummariesTableViewController.m in Sources */ = {isa = PBXBuildFile; fileRef = 026600FC1D7870F60022C79D /* STCSummariesTableViewController.m */; };
		026601031D78804B0022C79D /* STCSummaryTableViewCell.m in Sources */ = {isa = PBXBuildFile; fileRef = 026601021D78804B0022C79D /* STCSummaryTableViewCell.m */; };
		02838E571D79D8330092A87F /* 108.png in Resources */ = {isa = PBXBuildFile; fileRef = 02838E371D79D8330092A87F /* 108.png */; };
		02838E581D79D8330092A87F /* 109.png in Resources */ = {isa = PBXBuildFile; fileRef = 02838E381D79D8330092A87F /* 109.png */; };
		02838E591D79D8330092A87F /* 110.png in Resources */ = {isa = PBXBuildFile; fileRef = 02838E391D79D8330092A87F /* 110.png */; };
		02838E5A1D79D8330092A87F /* 111.png in Resources */ = {isa = PBXBuildFile; fileRef = 02838E3A1D79D8330092A87F /* 111.png */; };
		02838E5B1D79D8330092A87F /* 112.png in Resources */ = {isa = PBXBuildFile; fileRef = 02838E3B1D79D8330092A87F /* 112.png */; };
		02838E5C1D79D8330092A87F /* 113.png in Resources */ = {isa = PBXBuildFile; fileRef = 02838E3C1D79D8330092A87F /* 113.png */; };
		02838E5D1D79D8330092A87F /* 114.png in Resources */ = {isa = PBXBuildFile; fileRef = 02838E3D1D79D8330092A87F /* 114.png */; };
		02838E5E1D79D8330092A87F /* 115.png in Resources */ = {isa = PBXBuildFile; fileRef = 02838E3E1D79D8330092A87F /* 115.png */; };
		02838E5F1D79D8330092A87F /* 116.png in Resources */ = {isa = PBXBuildFile; fileRef = 02838E3F1D79D8330092A87F /* 116.png */; };
		02838E601D79D8330092A87F /* 117.png in Resources */ = {isa = PBXBuildFile; fileRef = 02838E401D79D8330092A87F /* 117.png */; };
		02838E611D79D8330092A87F /* 118.png in Resources */ = {isa = PBXBuildFile; fileRef = 02838E411D79D8330092A87F /* 118.png */; };
		02838E621D79D8330092A87F /* 119.png in Resources */ = {isa = PBXBuildFile; fileRef = 02838E421D79D8330092A87F /* 119.png */; };
		02838E631D79D8330092A87F /* 120.png in Resources */ = {isa = PBXBuildFile; fileRef = 02838E431D79D8330092A87F /* 120.png */; };
		02838E641D79D8330092A87F /* 121.png in Resources */ = {isa = PBXBuildFile; fileRef = 02838E441D79D8330092A87F /* 121.png */; };
		02838E651D79D8330092A87F /* 133.png in Resources */ = {isa = PBXBuildFile; fileRef = 02838E451D79D8330092A87F /* 133.png */; };
		02838E661D79D8330092A87F /* 134.png in Resources */ = {isa = PBXBuildFile; fileRef = 02838E461D79D8330092A87F /* 134.png */; };
		02838E671D79D8330092A87F /* 135.png in Resources */ = {isa = PBXBuildFile; fileRef = 02838E471D79D8330092A87F /* 135.png */; };
		02838E681D79D8330092A87F /* 136.png in Resources */ = {isa = PBXBuildFile; fileRef = 02838E481D79D8330092A87F /* 136.png */; };
		02838E691D79D8330092A87F /* 137.png in Resources */ = {isa = PBXBuildFile; fileRef = 02838E491D79D8330092A87F /* 137.png */; };
		02838E6A1D79D8330092A87F /* 138.png in Resources */ = {isa = PBXBuildFile; fileRef = 02838E4A1D79D8330092A87F /* 138.png */; };
		02838E6B1D79D8330092A87F /* 139.png in Resources */ = {isa = PBXBuildFile; fileRef = 02838E4B1D79D8330092A87F /* 139.png */; };
		02838E6C1D79D8330092A87F /* 140.png in Resources */ = {isa = PBXBuildFile; fileRef = 02838E4C1D79D8330092A87F /* 140.png */; };
		02838E6D1D79D8330092A87F /* 141.png in Resources */ = {isa = PBXBuildFile; fileRef = 02838E4D1D79D8330092A87F /* 141.png */; };
		02838E6E1D79D8330092A87F /* 142.png in Resources */ = {isa = PBXBuildFile; fileRef = 02838E4E1D79D8330092A87F /* 142.png */; };
		02838E6F1D79D8330092A87F /* 143.png in Resources */ = {isa = PBXBuildFile; fileRef = 02838E4F1D79D8330092A87F /* 143.png */; };
		02838E701D79D8330092A87F /* 144.png in Resources */ = {isa = PBXBuildFile; fileRef = 02838E501D79D8330092A87F /* 144.png */; };
		02838E711D79D8330092A87F /* 145.png in Resources */ = {isa = PBXBuildFile; fileRef = 02838E511D79D8330092A87F /* 145.png */; };
		02838E721D79D8330092A87F /* 146.png in Resources */ = {isa = PBXBuildFile; fileRef = 02838E521D79D8330092A87F /* 146.png */; };
		02838E731D79D8330092A87F /* 147.png in Resources */ = {isa = PBXBuildFile; fileRef = 02838E531D79D8330092A87F /* 147.png */; };
		02838E741D79D8330092A87F /* 158.png in Resources */ = {isa = PBXBuildFile; fileRef = 02838E541D79D8330092A87F /* 158.png */; };
		02838E751D79D8330092A87F /* 159.png in Resources */ = {isa = PBXBuildFile; fileRef = 02838E551D79D8330092A87F /* 159.png */; };
		02838E761D79D8330092A87F /* 160.png in Resources */ = {isa = PBXBuildFile; fileRef = 02838E561D79D8330092A87F /* 160.png */; };
		02838E791D79ED620092A87F /* STCPreviewViewController.m in Sources */ = {isa = PBXBuildFile; fileRef = 02838E781D79ED620092A87F /* STCPreviewViewController.m */; };
		02838E7C1D79FA230092A87F /* STCPreview.m in Sources */ = {isa = PBXBuildFile; fileRef = 02838E7B1D79FA230092A87F /* STCPreview.m */; };
		02838E7F1D7A1A9D0092A87F /* STCTeam.m in Sources */ = {isa = PBXBuildFile; fileRef = 02838E7E1D7A1A9D0092A87F /* STCTeam.m */; };
		02ADCD101D7749610088AFFD /* main.m in Sources */ = {isa = PBXBuildFile; fileRef = 02ADCD0F1D7749610088AFFD /* main.m */; };
		02ADCD131D7749610088AFFD /* AppDelegate.m in Sources */ = {isa = PBXBuildFile; fileRef = 02ADCD121D7749610088AFFD /* AppDelegate.m */; };
		02ADCD161D7749610088AFFD /* STCScoresNavigationController.m in Sources */ = {isa = PBXBuildFile; fileRef = 02ADCD151D7749610088AFFD /* STCScoresNavigationController.m */; };
		02ADCD1B1D7749610088AFFD /* Assets.xcassets in Resources */ = {isa = PBXBuildFile; fileRef = 02ADCD1A1D7749610088AFFD /* Assets.xcassets */; };
		02ADCD1E1D7749610088AFFD /* LaunchScreen.storyboard in Resources */ = {isa = PBXBuildFile; fileRef = 02ADCD1C1D7749610088AFFD /* LaunchScreen.storyboard */; };
		02ADCD291D7749610088AFFD /* StitchesTests.m in Sources */ = {isa = PBXBuildFile; fileRef = 02ADCD281D7749610088AFFD /* StitchesTests.m */; };
		02ADCD341D7749610088AFFD /* StitchesUITests.m in Sources */ = {isa = PBXBuildFile; fileRef = 02ADCD331D7749610088AFFD /* StitchesUITests.m */; };
		02ADCD431D774F360088AFFD /* baseball.png in Resources */ = {isa = PBXBuildFile; fileRef = 02ADCD421D774F360088AFFD /* baseball.png */; };
		02ADCD451D774F510088AFFD /* statistics.png in Resources */ = {isa = PBXBuildFile; fileRef = 02ADCD441D774F510088AFFD /* statistics.png */; };
		02ADCD471D774F890088AFFD /* standings.png in Resources */ = {isa = PBXBuildFile; fileRef = 02ADCD461D774F890088AFFD /* standings.png */; };
		02ADCD491D774F9B0088AFFD /* news.png in Resources */ = {isa = PBXBuildFile; fileRef = 02ADCD481D774F9B0088AFFD /* news.png */; };
		02ADCD4B1D774FA50088AFFD /* settings.png in Resources */ = {isa = PBXBuildFile; fileRef = 02ADCD4A1D774FA50088AFFD /* settings.png */; };
/* End PBXBuildFile section */

/* Begin PBXContainerItemProxy section */
		02ADCD251D7749610088AFFD /* PBXContainerItemProxy */ = {
			isa = PBXContainerItemProxy;
			containerPortal = 02ADCD031D7749610088AFFD /* Project object */;
			proxyType = 1;
			remoteGlobalIDString = 02ADCD0A1D7749610088AFFD;
			remoteInfo = Stitches;
		};
		02ADCD301D7749610088AFFD /* PBXContainerItemProxy */ = {
			isa = PBXContainerItemProxy;
			containerPortal = 02ADCD031D7749610088AFFD /* Project object */;
			proxyType = 1;
			remoteGlobalIDString = 02ADCD0A1D7749610088AFFD;
			remoteInfo = Stitches;
		};
/* End PBXContainerItemProxy section */

/* Begin PBXFileReference section */
		0210E7741D78A10B0078DEB2 /* STCPreviewParser.h */ = {isa = PBXFileReference; fileEncoding = 4; lastKnownFileType = sourcecode.c.h; path = STCPreviewParser.h; sourceTree = "<group>"; };
		0210E7751D78A10B0078DEB2 /* STCPreviewParser.m */ = {isa = PBXFileReference; fileEncoding = 4; lastKnownFileType = sourcecode.c.objc; path = STCPreviewParser.m; sourceTree = "<group>"; };
		0210E7771D78B59A0078DEB2 /* STCGlobals.h */ = {isa = PBXFileReference; fileEncoding = 4; lastKnownFileType = sourcecode.c.h; path = STCGlobals.h; sourceTree = "<group>"; };
		0210E7781D78B59A0078DEB2 /* STCGlobals.m */ = {isa = PBXFileReference; fileEncoding = 4; lastKnownFileType = sourcecode.c.objc; path = STCGlobals.m; sourceTree = "<group>"; };
		022C65BC1D7A220900A9C5D5 /* STCSummaryParser.h */ = {isa = PBXFileReference; fileEncoding = 4; lastKnownFileType = sourcecode.c.h; path = STCSummaryParser.h; sourceTree = "<group>"; };
		022C65BD1D7A220900A9C5D5 /* STCSummaryParser.m */ = {isa = PBXFileReference; fileEncoding = 4; lastKnownFileType = sourcecode.c.objc; path = STCSummaryParser.m; sourceTree = "<group>"; };
		026600F81D786F7F0022C79D /* STCSummary.h */ = {isa = PBXFileReference; fileEncoding = 4; lastKnownFileType = sourcecode.c.h; path = STCSummary.h; sourceTree = "<group>"; };
		026600F91D786F7F0022C79D /* STCSummary.m */ = {isa = PBXFileReference; fileEncoding = 4; lastKnownFileType = sourcecode.c.objc; path = STCSummary.m; sourceTree = "<group>"; };
		026600FB1D7870F60022C79D /* STCSummariesTableViewController.h */ = {isa = PBXFileReference; fileEncoding = 4; lastKnownFileType = sourcecode.c.h; path = STCSummariesTableViewController.h; sourceTree = "<group>"; };
		026600FC1D7870F60022C79D /* STCSummariesTableViewController.m */ = {isa = PBXFileReference; fileEncoding = 4; lastKnownFileType = sourcecode.c.objc; path = STCSummariesTableViewController.m; sourceTree = "<group>"; };
		026601011D78804B0022C79D /* STCSummaryTableViewCell.h */ = {isa = PBXFileReference; fileEncoding = 4; lastKnownFileType = sourcecode.c.h; path = STCSummaryTableViewCell.h; sourceTree = "<group>"; };
		026601021D78804B0022C79D /* STCSummaryTableViewCell.m */ = {isa = PBXFileReference; fileEncoding = 4; lastKnownFileType = sourcecode.c.objc; path = STCSummaryTableViewCell.m; sourceTree = "<group>"; };
		02838E371D79D8330092A87F /* 108.png */ = {isa = PBXFileReference; lastKnownFileType = image.png; path = 108.png; sourceTree = "<group>"; };
		02838E381D79D8330092A87F /* 109.png */ = {isa = PBXFileReference; lastKnownFileType = image.png; path = 109.png; sourceTree = "<group>"; };
		02838E391D79D8330092A87F /* 110.png */ = {isa = PBXFileReference; lastKnownFileType = image.png; path = 110.png; sourceTree = "<group>"; };
		02838E3A1D79D8330092A87F /* 111.png */ = {isa = PBXFileReference; lastKnownFileType = image.png; path = 111.png; sourceTree = "<group>"; };
		02838E3B1D79D8330092A87F /* 112.png */ = {isa = PBXFileReference; lastKnownFileType = image.png; path = 112.png; sourceTree = "<group>"; };
		02838E3C1D79D8330092A87F /* 113.png */ = {isa = PBXFileReference; lastKnownFileType = image.png; path = 113.png; sourceTree = "<group>"; };
		02838E3D1D79D8330092A87F /* 114.png */ = {isa = PBXFileReference; lastKnownFileType = image.png; path = 114.png; sourceTree = "<group>"; };
		02838E3E1D79D8330092A87F /* 115.png */ = {isa = PBXFileReference; lastKnownFileType = image.png; path = 115.png; sourceTree = "<group>"; };
		02838E3F1D79D8330092A87F /* 116.png */ = {isa = PBXFileReference; lastKnownFileType = image.png; path = 116.png; sourceTree = "<group>"; };
		02838E401D79D8330092A87F /* 117.png */ = {isa = PBXFileReference; lastKnownFileType = image.png; path = 117.png; sourceTree = "<group>"; };
		02838E411D79D8330092A87F /* 118.png */ = {isa = PBXFileReference; lastKnownFileType = image.png; path = 118.png; sourceTree = "<group>"; };
		02838E421D79D8330092A87F /* 119.png */ = {isa = PBXFileReference; lastKnownFileType = image.png; path = 119.png; sourceTree = "<group>"; };
		02838E431D79D8330092A87F /* 120.png */ = {isa = PBXFileReference; lastKnownFileType = image.png; path = 120.png; sourceTree = "<group>"; };
		02838E441D79D8330092A87F /* 121.png */ = {isa = PBXFileReference; lastKnownFileType = image.png; path = 121.png; sourceTree = "<group>"; };
		02838E451D79D8330092A87F /* 133.png */ = {isa = PBXFileReference; lastKnownFileType = image.png; path = 133.png; sourceTree = "<group>"; };
		02838E461D79D8330092A87F /* 134.png */ = {isa = PBXFileReference; lastKnownFileType = image.png; path = 134.png; sourceTree = "<group>"; };
		02838E471D79D8330092A87F /* 135.png */ = {isa = PBXFileReference; lastKnownFileType = image.png; path = 135.png; sourceTree = "<group>"; };
		02838E481D79D8330092A87F /* 136.png */ = {isa = PBXFileReference; lastKnownFileType = image.png; path = 136.png; sourceTree = "<group>"; };
		02838E491D79D8330092A87F /* 137.png */ = {isa = PBXFileReference; lastKnownFileType = image.png; path = 137.png; sourceTree = "<group>"; };
		02838E4A1D79D8330092A87F /* 138.png */ = {isa = PBXFileReference; lastKnownFileType = image.png; path = 138.png; sourceTree = "<group>"; };
		02838E4B1D79D8330092A87F /* 139.png */ = {isa = PBXFileReference; lastKnownFileType = image.png; path = 139.png; sourceTree = "<group>"; };
		02838E4C1D79D8330092A87F /* 140.png */ = {isa = PBXFileReference; lastKnownFileType = image.png; path = 140.png; sourceTree = "<group>"; };
		02838E4D1D79D8330092A87F /* 141.png */ = {isa = PBXFileReference; lastKnownFileType = image.png; path = 141.png; sourceTree = "<group>"; };
		02838E4E1D79D8330092A87F /* 142.png */ = {isa = PBXFileReference; lastKnownFileType = image.png; path = 142.png; sourceTree = "<group>"; };
		02838E4F1D79D8330092A87F /* 143.png */ = {isa = PBXFileReference; lastKnownFileType = image.png; path = 143.png; sourceTree = "<group>"; };
		02838E501D79D8330092A87F /* 144.png */ = {isa = PBXFileReference; lastKnownFileType = image.png; path = 144.png; sourceTree = "<group>"; };
		02838E511D79D8330092A87F /* 145.png */ = {isa = PBXFileReference; lastKnownFileType = image.png; path = 145.png; sourceTree = "<group>"; };
		02838E521D79D8330092A87F /* 146.png */ = {isa = PBXFileReference; lastKnownFileType = image.png; path = 146.png; sourceTree = "<group>"; };
		02838E531D79D8330092A87F /* 147.png */ = {isa = PBXFileReference; lastKnownFileType = image.png; path = 147.png; sourceTree = "<group>"; };
		02838E541D79D8330092A87F /* 158.png */ = {isa = PBXFileReference; lastKnownFileType = image.png; path = 158.png; sourceTree = "<group>"; };
		02838E551D79D8330092A87F /* 159.png */ = {isa = PBXFileReference; lastKnownFileType = image.png; path = 159.png; sourceTree = "<group>"; };
		02838E561D79D8330092A87F /* 160.png */ = {isa = PBXFileReference; lastKnownFileType = image.png; path = 160.png; sourceTree = "<group>"; };
		02838E771D79ED620092A87F /* STCPreviewViewController.h */ = {isa = PBXFileReference; fileEncoding = 4; lastKnownFileType = sourcecode.c.h; path = STCPreviewViewController.h; sourceTree = "<group>"; };
		02838E781D79ED620092A87F /* STCPreviewViewController.m */ = {isa = PBXFileReference; fileEncoding = 4; lastKnownFileType = sourcecode.c.objc; path = STCPreviewViewController.m; sourceTree = "<group>"; };
		02838E7A1D79FA230092A87F /* STCPreview.h */ = {isa = PBXFileReference; fileEncoding = 4; lastKnownFileType = sourcecode.c.h; path = STCPreview.h; sourceTree = "<group>"; };
		02838E7B1D79FA230092A87F /* STCPreview.m */ = {isa = PBXFileReference; fileEncoding = 4; lastKnownFileType = sourcecode.c.objc; path = STCPreview.m; sourceTree = "<group>"; };
		02838E7D1D7A1A9D0092A87F /* STCTeam.h */ = {isa = PBXFileReference; fileEncoding = 4; lastKnownFileType = sourcecode.c.h; path = STCTeam.h; sourceTree = "<group>"; };
		02838E7E1D7A1A9D0092A87F /* STCTeam.m */ = {isa = PBXFileReference; fileEncoding = 4; lastKnownFileType = sourcecode.c.objc; path = STCTeam.m; sourceTree = "<group>"; };
		02ADCD0B1D7749610088AFFD /* Stitches.app */ = {isa = PBXFileReference; explicitFileType = wrapper.application; includeInIndex = 0; path = Stitches.app; sourceTree = BUILT_PRODUCTS_DIR; };
		02ADCD0F1D7749610088AFFD /* main.m */ = {isa = PBXFileReference; lastKnownFileType = sourcecode.c.objc; path = main.m; sourceTree = "<group>"; };
		02ADCD111D7749610088AFFD /* AppDelegate.h */ = {isa = PBXFileReference; lastKnownFileType = sourcecode.c.h; path = AppDelegate.h; sourceTree = "<group>"; };
		02ADCD121D7749610088AFFD /* AppDelegate.m */ = {isa = PBXFileReference; lastKnownFileType = sourcecode.c.objc; path = AppDelegate.m; sourceTree = "<group>"; };
		02ADCD141D7749610088AFFD /* STCScoresNavigationController.h */ = {isa = PBXFileReference; lastKnownFileType = sourcecode.c.h; path = STCScoresNavigationController.h; sourceTree = "<group>"; };
		02ADCD151D7749610088AFFD /* STCScoresNavigationController.m */ = {isa = PBXFileReference; lastKnownFileType = sourcecode.c.objc; path = STCScoresNavigationController.m; sourceTree = "<group>"; };
		02ADCD1A1D7749610088AFFD /* Assets.xcassets */ = {isa = PBXFileReference; lastKnownFileType = folder.assetcatalog; path = Assets.xcassets; sourceTree = "<group>"; };
		02ADCD1D1D7749610088AFFD /* Base */ = {isa = PBXFileReference; lastKnownFileType = file.storyboard; name = Base; path = Base.lproj/LaunchScreen.storyboard; sourceTree = "<group>"; };
		02ADCD1F1D7749610088AFFD /* Info.plist */ = {isa = PBXFileReference; lastKnownFileType = text.plist.xml; path = Info.plist; sourceTree = "<group>"; };
		02ADCD241D7749610088AFFD /* StitchesTests.xctest */ = {isa = PBXFileReference; explicitFileType = wrapper.cfbundle; includeInIndex = 0; path = StitchesTests.xctest; sourceTree = BUILT_PRODUCTS_DIR; };
		02ADCD281D7749610088AFFD /* StitchesTests.m */ = {isa = PBXFileReference; lastKnownFileType = sourcecode.c.objc; path = StitchesTests.m; sourceTree = "<group>"; };
		02ADCD2A1D7749610088AFFD /* Info.plist */ = {isa = PBXFileReference; lastKnownFileType = text.plist.xml; path = Info.plist; sourceTree = "<group>"; };
		02ADCD2F1D7749610088AFFD /* StitchesUITests.xctest */ = {isa = PBXFileReference; explicitFileType = wrapper.cfbundle; includeInIndex = 0; path = StitchesUITests.xctest; sourceTree = BUILT_PRODUCTS_DIR; };
		02ADCD331D7749610088AFFD /* StitchesUITests.m */ = {isa = PBXFileReference; lastKnownFileType = sourcecode.c.objc; path = StitchesUITests.m; sourceTree = "<group>"; };
		02ADCD351D7749610088AFFD /* Info.plist */ = {isa = PBXFileReference; lastKnownFileType = text.plist.xml; path = Info.plist; sourceTree = "<group>"; };
		02ADCD421D774F360088AFFD /* baseball.png */ = {isa = PBXFileReference; lastKnownFileType = image.png; path = baseball.png; sourceTree = "<group>"; };
		02ADCD441D774F510088AFFD /* statistics.png */ = {isa = PBXFileReference; lastKnownFileType = image.png; path = statistics.png; sourceTree = "<group>"; };
		02ADCD461D774F890088AFFD /* standings.png */ = {isa = PBXFileReference; lastKnownFileType = image.png; path = standings.png; sourceTree = "<group>"; };
		02ADCD481D774F9B0088AFFD /* news.png */ = {isa = PBXFileReference; lastKnownFileType = image.png; path = news.png; sourceTree = "<group>"; };
		02ADCD4A1D774FA50088AFFD /* settings.png */ = {isa = PBXFileReference; lastKnownFileType = image.png; path = settings.png; sourceTree = "<group>"; };
/* End PBXFileReference section */

/* Begin PBXFrameworksBuildPhase section */
		02ADCD081D7749610088AFFD /* Frameworks */ = {
			isa = PBXFrameworksBuildPhase;
			buildActionMask = 2147483647;
			files = (
			);
			runOnlyForDeploymentPostprocessing = 0;
		};
		02ADCD211D7749610088AFFD /* Frameworks */ = {
			isa = PBXFrameworksBuildPhase;
			buildActionMask = 2147483647;
			files = (
			);
			runOnlyForDeploymentPostprocessing = 0;
		};
		02ADCD2C1D7749610088AFFD /* Frameworks */ = {
			isa = PBXFrameworksBuildPhase;
			buildActionMask = 2147483647;
			files = (
			);
			runOnlyForDeploymentPostprocessing = 0;
		};
/* End PBXFrameworksBuildPhase section */

/* Begin PBXGroup section */
		0210E7731D78A0F40078DEB2 /* Utilities */ = {
			isa = PBXGroup;
			children = (
				0210E7741D78A10B0078DEB2 /* STCPreviewParser.h */,
				0210E7751D78A10B0078DEB2 /* STCPreviewParser.m */,
				0210E7771D78B59A0078DEB2 /* STCGlobals.h */,
				0210E7781D78B59A0078DEB2 /* STCGlobals.m */,
				022C65BC1D7A220900A9C5D5 /* STCSummaryParser.h */,
				022C65BD1D7A220900A9C5D5 /* STCSummaryParser.m */,
			);
			name = Utilities;
			sourceTree = "<group>";
		};
		026600F51D786EAD0022C79D /* Models */ = {
			isa = PBXGroup;
			children = (
				026600F81D786F7F0022C79D /* STCSummary.h */,
				026600F91D786F7F0022C79D /* STCSummary.m */,
				02838E7A1D79FA230092A87F /* STCPreview.h */,
				02838E7B1D79FA230092A87F /* STCPreview.m */,
				02838E7D1D7A1A9D0092A87F /* STCTeam.h */,
				02838E7E1D7A1A9D0092A87F /* STCTeam.m */,
			);
			name = Models;
			sourceTree = "<group>";
		};
		026600F61D786EB50022C79D /* Views */ = {
			isa = PBXGroup;
			children = (
				026601011D78804B0022C79D /* STCSummaryTableViewCell.h */,
				026601021D78804B0022C79D /* STCSummaryTableViewCell.m */,
			);
			name = Views;
			sourceTree = "<group>";
		};
		026600F71D786EBB0022C79D /* Controllers */ = {
			isa = PBXGroup;
			children = (
				02ADCD141D7749610088AFFD /* STCScoresNavigationController.h */,
				02ADCD151D7749610088AFFD /* STCScoresNavigationController.m */,
				026600FB1D7870F60022C79D /* STCSummariesTableViewController.h */,
				026600FC1D7870F60022C79D /* STCSummariesTableViewController.m */,
				02838E771D79ED620092A87F /* STCPreviewViewController.h */,
				02838E781D79ED620092A87F /* STCPreviewViewController.m */,
			);
			name = Controllers;
			sourceTree = "<group>";
		};
		02838E351D79D8110092A87F /* tab_icons */ = {
			isa = PBXGroup;
			children = (
				02ADCD4A1D774FA50088AFFD /* settings.png */,
				02ADCD461D774F890088AFFD /* standings.png */,
				02ADCD421D774F360088AFFD /* baseball.png */,
				02ADCD441D774F510088AFFD /* statistics.png */,
				02ADCD481D774F9B0088AFFD /* news.png */,
			);
			name = tab_icons;
			sourceTree = "<group>";
		};
		02838E361D79D81E0092A87F /* logos */ = {
			isa = PBXGroup;
			children = (
				02838E371D79D8330092A87F /* 108.png */,
				02838E381D79D8330092A87F /* 109.png */,
				02838E391D79D8330092A87F /* 110.png */,
				02838E3A1D79D8330092A87F /* 111.png */,
				02838E3B1D79D8330092A87F /* 112.png */,
				02838E3C1D79D8330092A87F /* 113.png */,
				02838E3D1D79D8330092A87F /* 114.png */,
				02838E3E1D79D8330092A87F /* 115.png */,
				02838E3F1D79D8330092A87F /* 116.png */,
				02838E401D79D8330092A87F /* 117.png */,
				02838E411D79D8330092A87F /* 118.png */,
				02838E421D79D8330092A87F /* 119.png */,
				02838E431D79D8330092A87F /* 120.png */,
				02838E441D79D8330092A87F /* 121.png */,
				02838E451D79D8330092A87F /* 133.png */,
				02838E461D79D8330092A87F /* 134.png */,
				02838E471D79D8330092A87F /* 135.png */,
				02838E481D79D8330092A87F /* 136.png */,
				02838E491D79D8330092A87F /* 137.png */,
				02838E4A1D79D8330092A87F /* 138.png */,
				02838E4B1D79D8330092A87F /* 139.png */,
				02838E4C1D79D8330092A87F /* 140.png */,
				02838E4D1D79D8330092A87F /* 141.png */,
				02838E4E1D79D8330092A87F /* 142.png */,
				02838E4F1D79D8330092A87F /* 143.png */,
				02838E501D79D8330092A87F /* 144.png */,
				02838E511D79D8330092A87F /* 145.png */,
				02838E521D79D8330092A87F /* 146.png */,
				02838E531D79D8330092A87F /* 147.png */,
				02838E541D79D8330092A87F /* 158.png */,
				02838E551D79D8330092A87F /* 159.png */,
				02838E561D79D8330092A87F /* 160.png */,
			);
			name = logos;
			sourceTree = "<group>";
		};
		02ADCD021D7749610088AFFD = {
			isa = PBXGroup;
			children = (
				02ADCD0D1D7749610088AFFD /* Stitches */,
				02ADCD271D7749610088AFFD /* StitchesTests */,
				02ADCD321D7749610088AFFD /* StitchesUITests */,
				02ADCD0C1D7749610088AFFD /* Products */,
			);
			sourceTree = "<group>";
		};
		02ADCD0C1D7749610088AFFD /* Products */ = {
			isa = PBXGroup;
			children = (
				02ADCD0B1D7749610088AFFD /* Stitches.app */,
				02ADCD241D7749610088AFFD /* StitchesTests.xctest */,
				02ADCD2F1D7749610088AFFD /* StitchesUITests.xctest */,
			);
			name = Products;
			sourceTree = "<group>";
		};
		02ADCD0D1D7749610088AFFD /* Stitches */ = {
			isa = PBXGroup;
			children = (
				0210E7731D78A0F40078DEB2 /* Utilities */,
				026600F71D786EBB0022C79D /* Controllers */,
				026600F61D786EB50022C79D /* Views */,
				026600F51D786EAD0022C79D /* Models */,
				02ADCD411D774EDC0088AFFD /* Images */,
				02ADCD111D7749610088AFFD /* AppDelegate.h */,
				02ADCD121D7749610088AFFD /* AppDelegate.m */,
				02ADCD1A1D7749610088AFFD /* Assets.xcassets */,
				02ADCD1C1D7749610088AFFD /* LaunchScreen.storyboard */,
				02ADCD1F1D7749610088AFFD /* Info.plist */,
				02ADCD0E1D7749610088AFFD /* Supporting Files */,
			);
			path = Stitches;
			sourceTree = "<group>";
		};
		02ADCD0E1D7749610088AFFD /* Supporting Files */ = {
			isa = PBXGroup;
			children = (
				02ADCD0F1D7749610088AFFD /* main.m */,
			);
			name = "Supporting Files";
			sourceTree = "<group>";
		};
		02ADCD271D7749610088AFFD /* StitchesTests */ = {
			isa = PBXGroup;
			children = (
				02ADCD281D7749610088AFFD /* StitchesTests.m */,
				02ADCD2A1D7749610088AFFD /* Info.plist */,
			);
			path = StitchesTests;
			sourceTree = "<group>";
		};
		02ADCD321D7749610088AFFD /* StitchesUITests */ = {
			isa = PBXGroup;
			children = (
				02ADCD331D7749610088AFFD /* StitchesUITests.m */,
				02ADCD351D7749610088AFFD /* Info.plist */,
			);
			path = StitchesUITests;
			sourceTree = "<group>";
		};
		02ADCD411D774EDC0088AFFD /* Images */ = {
			isa = PBXGroup;
			children = (
				02838E361D79D81E0092A87F /* logos */,
				02838E351D79D8110092A87F /* tab_icons */,
			);
			name = Images;
			sourceTree = "<group>";
		};
/* End PBXGroup section */

/* Begin PBXNativeTarget section */
		02ADCD0A1D7749610088AFFD /* Stitches */ = {
			isa = PBXNativeTarget;
			buildConfigurationList = 02ADCD381D7749610088AFFD /* Build configuration list for PBXNativeTarget "Stitches" */;
			buildPhases = (
				02ADCD071D7749610088AFFD /* Sources */,
				02ADCD081D7749610088AFFD /* Frameworks */,
				02ADCD091D7749610088AFFD /* Resources */,
			);
			buildRules = (
			);
			dependencies = (
			);
			name = Stitches;
			productName = Stitches;
			productReference = 02ADCD0B1D7749610088AFFD /* Stitches.app */;
			productType = "com.apple.product-type.application";
		};
		02ADCD231D7749610088AFFD /* StitchesTests */ = {
			isa = PBXNativeTarget;
			buildConfigurationList = 02ADCD3B1D7749610088AFFD /* Build configuration list for PBXNativeTarget "StitchesTests" */;
			buildPhases = (
				02ADCD201D7749610088AFFD /* Sources */,
				02ADCD211D7749610088AFFD /* Frameworks */,
				02ADCD221D7749610088AFFD /* Resources */,
			);
			buildRules = (
			);
			dependencies = (
				02ADCD261D7749610088AFFD /* PBXTargetDependency */,
			);
			name = StitchesTests;
			productName = StitchesTests;
			productReference = 02ADCD241D7749610088AFFD /* StitchesTests.xctest */;
			productType = "com.apple.product-type.bundle.unit-test";
		};
		02ADCD2E1D7749610088AFFD /* StitchesUITests */ = {
			isa = PBXNativeTarget;
			buildConfigurationList = 02ADCD3E1D7749610088AFFD /* Build configuration list for PBXNativeTarget "StitchesUITests" */;
			buildPhases = (
				02ADCD2B1D7749610088AFFD /* Sources */,
				02ADCD2C1D7749610088AFFD /* Frameworks */,
				02ADCD2D1D7749610088AFFD /* Resources */,
			);
			buildRules = (
			);
			dependencies = (
				02ADCD311D7749610088AFFD /* PBXTargetDependency */,
			);
			name = StitchesUITests;
			productName = StitchesUITests;
			productReference = 02ADCD2F1D7749610088AFFD /* StitchesUITests.xctest */;
			productType = "com.apple.product-type.bundle.ui-testing";
		};
/* End PBXNativeTarget section */

/* Begin PBXProject section */
		02ADCD031D7749610088AFFD /* Project object */ = {
			isa = PBXProject;
			attributes = {
				LastUpgradeCheck = 0730;
				ORGANIZATIONNAME = "Ryan Fox";
				TargetAttributes = {
					02ADCD0A1D7749610088AFFD = {
						CreatedOnToolsVersion = 7.3.1;
					};
					02ADCD231D7749610088AFFD = {
						CreatedOnToolsVersion = 7.3.1;
						TestTargetID = 02ADCD0A1D7749610088AFFD;
					};
					02ADCD2E1D7749610088AFFD = {
						CreatedOnToolsVersion = 7.3.1;
						TestTargetID = 02ADCD0A1D7749610088AFFD;
					};
				};
			};
			buildConfigurationList = 02ADCD061D7749610088AFFD /* Build configuration list for PBXProject "Stitches" */;
			compatibilityVersion = "Xcode 3.2";
			developmentRegion = English;
			hasScannedForEncodings = 0;
			knownRegions = (
				en,
				Base,
			);
			mainGroup = 02ADCD021D7749610088AFFD;
			productRefGroup = 02ADCD0C1D7749610088AFFD /* Products */;
			projectDirPath = "";
			projectRoot = "";
			targets = (
				02ADCD0A1D7749610088AFFD /* Stitches */,
				02ADCD231D7749610088AFFD /* StitchesTests */,
				02ADCD2E1D7749610088AFFD /* StitchesUITests */,
			);
		};
/* End PBXProject section */

/* Begin PBXResourcesBuildPhase section */
		02ADCD091D7749610088AFFD /* Resources */ = {
			isa = PBXResourcesBuildPhase;
			buildActionMask = 2147483647;
			files = (
				02838E581D79D8330092A87F /* 109.png in Resources */,
				02838E691D79D8330092A87F /* 137.png in Resources */,
				02838E721D79D8330092A87F /* 146.png in Resources */,
				02ADCD431D774F360088AFFD /* baseball.png in Resources */,
				02838E701D79D8330092A87F /* 144.png in Resources */,
				02838E5F1D79D8330092A87F /* 116.png in Resources */,
				02838E671D79D8330092A87F /* 135.png in Resources */,
				02838E641D79D8330092A87F /* 121.png in Resources */,
				02838E661D79D8330092A87F /* 134.png in Resources */,
				02838E741D79D8330092A87F /* 158.png in Resources */,
				02838E711D79D8330092A87F /* 145.png in Resources */,
				02ADCD4B1D774FA50088AFFD /* settings.png in Resources */,
				02838E6C1D79D8330092A87F /* 140.png in Resources */,
				02838E751D79D8330092A87F /* 159.png in Resources */,
				02838E621D79D8330092A87F /* 119.png in Resources */,
				02ADCD471D774F890088AFFD /* standings.png in Resources */,
				02838E591D79D8330092A87F /* 110.png in Resources */,
				02838E6D1D79D8330092A87F /* 141.png in Resources */,
				02838E6B1D79D8330092A87F /* 139.png in Resources */,
				02838E6E1D79D8330092A87F /* 142.png in Resources */,
				02838E731D79D8330092A87F /* 147.png in Resources */,
				02838E571D79D8330092A87F /* 108.png in Resources */,
				02838E5B1D79D8330092A87F /* 112.png in Resources */,
				02838E5A1D79D8330092A87F /* 111.png in Resources */,
				02838E6F1D79D8330092A87F /* 143.png in Resources */,
				02838E5C1D79D8330092A87F /* 113.png in Resources */,
				02838E6A1D79D8330092A87F /* 138.png in Resources */,
				02838E5E1D79D8330092A87F /* 115.png in Resources */,
				02ADCD491D774F9B0088AFFD /* news.png in Resources */,
				02838E611D79D8330092A87F /* 118.png in Resources */,
				02838E651D79D8330092A87F /* 133.png in Resources */,
				02ADCD1E1D7749610088AFFD /* LaunchScreen.storyboard in Resources */,
				02ADCD1B1D7749610088AFFD /* Assets.xcassets in Resources */,
				02838E601D79D8330092A87F /* 117.png in Resources */,
				02838E631D79D8330092A87F /* 120.png in Resources */,
				02838E5D1D79D8330092A87F /* 114.png in Resources */,
				02838E761D79D8330092A87F /* 160.png in Resources */,
				02ADCD451D774F510088AFFD /* statistics.png in Resources */,
				02838E681D79D8330092A87F /* 136.png in Resources */,
			);
			runOnlyForDeploymentPostprocessing = 0;
		};
		02ADCD221D7749610088AFFD /* Resources */ = {
			isa = PBXResourcesBuildPhase;
			buildActionMask = 2147483647;
			files = (
			);
			runOnlyForDeploymentPostprocessing = 0;
		};
		02ADCD2D1D7749610088AFFD /* Resources */ = {
			isa = PBXResourcesBuildPhase;
			buildActionMask = 2147483647;
			files = (
			);
			runOnlyForDeploymentPostprocessing = 0;
		};
/* End PBXResourcesBuildPhase section */

/* Begin PBXSourcesBuildPhase section */
		02ADCD071D7749610088AFFD /* Sources */ = {
			isa = PBXSourcesBuildPhase;
			buildActionMask = 2147483647;
			files = (
				02838E791D79ED620092A87F /* STCPreviewViewController.m in Sources */,
				02ADCD161D7749610088AFFD /* STCScoresNavigationController.m in Sources */,
				02838E7F1D7A1A9D0092A87F /* STCTeam.m in Sources */,
				026600FA1D786F7F0022C79D /* STCSummary.m in Sources */,
				0210E7761D78A10B0078DEB2 /* STCPreviewParser.m in Sources */,
				0210E7791D78B59A0078DEB2 /* STCGlobals.m in Sources */,
				02ADCD131D7749610088AFFD /* AppDelegate.m in Sources */,
				02ADCD101D7749610088AFFD /* main.m in Sources */,
				022C65BE1D7A220900A9C5D5 /* STCSummaryParser.m in Sources */,
				026600FD1D7870F60022C79D /* STCSummariesTableViewController.m in Sources */,
				026601031D78804B0022C79D /* STCSummaryTableViewCell.m in Sources */,
				02838E7C1D79FA230092A87F /* STCPreview.m in Sources */,
			);
			runOnlyForDeploymentPostprocessing = 0;
		};
		02ADCD201D7749610088AFFD /* Sources */ = {
			isa = PBXSourcesBuildPhase;
			buildActionMask = 2147483647;
			files = (
				02ADCD291D7749610088AFFD /* StitchesTests.m in Sources */,
			);
			runOnlyForDeploymentPostprocessing = 0;
		};
		02ADCD2B1D7749610088AFFD /* Sources */ = {
			isa = PBXSourcesBuildPhase;
			buildActionMask = 2147483647;
			files = (
				02ADCD341D7749610088AFFD /* StitchesUITests.m in Sources */,
			);
			runOnlyForDeploymentPostprocessing = 0;
		};
/* End PBXSourcesBuildPhase section */

/* Begin PBXTargetDependency section */
		02ADCD261D7749610088AFFD /* PBXTargetDependency */ = {
			isa = PBXTargetDependency;
			target = 02ADCD0A1D7749610088AFFD /* Stitches */;
			targetProxy = 02ADCD251D7749610088AFFD /* PBXContainerItemProxy */;
		};
		02ADCD311D7749610088AFFD /* PBXTargetDependency */ = {
			isa = PBXTargetDependency;
			target = 02ADCD0A1D7749610088AFFD /* Stitches */;
			targetProxy = 02ADCD301D7749610088AFFD /* PBXContainerItemProxy */;
		};
/* End PBXTargetDependency section */

/* Begin PBXVariantGroup section */
		02ADCD1C1D7749610088AFFD /* LaunchScreen.storyboard */ = {
			isa = PBXVariantGroup;
			children = (
				02ADCD1D1D7749610088AFFD /* Base */,
			);
			name = LaunchScreen.storyboard;
			sourceTree = "<group>";
		};
/* End PBXVariantGroup section */

/* Begin XCBuildConfiguration section */
		02ADCD361D7749610088AFFD /* Debug */ = {
			isa = XCBuildConfiguration;
			buildSettings = {
				ALWAYS_SEARCH_USER_PATHS = NO;
				CLANG_ANALYZER_NONNULL = YES;
				CLANG_CXX_LANGUAGE_STANDARD = "gnu++0x";
				CLANG_CXX_LIBRARY = "libc++";
				CLANG_ENABLE_MODULES = YES;
				CLANG_ENABLE_OBJC_ARC = YES;
				CLANG_WARN_BOOL_CONVERSION = YES;
				CLANG_WARN_CONSTANT_CONVERSION = YES;
				CLANG_WARN_DIRECT_OBJC_ISA_USAGE = YES_ERROR;
				CLANG_WARN_EMPTY_BODY = YES;
				CLANG_WARN_ENUM_CONVERSION = YES;
				CLANG_WARN_INT_CONVERSION = YES;
				CLANG_WARN_OBJC_ROOT_CLASS = YES_ERROR;
				CLANG_WARN_UNREACHABLE_CODE = YES;
				CLANG_WARN__DUPLICATE_METHOD_MATCH = YES;
				"CODE_SIGN_IDENTITY[sdk=iphoneos*]" = "iPhone Developer";
				COPY_PHASE_STRIP = NO;
				DEBUG_INFORMATION_FORMAT = dwarf;
				ENABLE_STRICT_OBJC_MSGSEND = YES;
				ENABLE_TESTABILITY = YES;
				GCC_C_LANGUAGE_STANDARD = gnu99;
				GCC_DYNAMIC_NO_PIC = NO;
				GCC_NO_COMMON_BLOCKS = YES;
				GCC_OPTIMIZATION_LEVEL = 0;
				GCC_PREPROCESSOR_DEFINITIONS = (
					"DEBUG=1",
					"$(inherited)",
				);
				GCC_WARN_64_TO_32_BIT_CONVERSION = YES;
				GCC_WARN_ABOUT_RETURN_TYPE = YES_ERROR;
				GCC_WARN_UNDECLARED_SELECTOR = YES;
				GCC_WARN_UNINITIALIZED_AUTOS = YES_AGGRESSIVE;
				GCC_WARN_UNUSED_FUNCTION = YES;
				GCC_WARN_UNUSED_VARIABLE = YES;
				IPHONEOS_DEPLOYMENT_TARGET = 9.3;
				MTL_ENABLE_DEBUG_INFO = YES;
				ONLY_ACTIVE_ARCH = YES;
				SDKROOT = iphoneos;
				TARGETED_DEVICE_FAMILY = "1,2";
			};
			name = Debug;
		};
		02ADCD371D7749610088AFFD /* Release */ = {
			isa = XCBuildConfiguration;
			buildSettings = {
				ALWAYS_SEARCH_USER_PATHS = NO;
				CLANG_ANALYZER_NONNULL = YES;
				CLANG_CXX_LANGUAGE_STANDARD = "gnu++0x";
				CLANG_CXX_LIBRARY = "libc++";
				CLANG_ENABLE_MODULES = YES;
				CLANG_ENABLE_OBJC_ARC = YES;
				CLANG_WARN_BOOL_CONVERSION = YES;
				CLANG_WARN_CONSTANT_CONVERSION = YES;
				CLANG_WARN_DIRECT_OBJC_ISA_USAGE = YES_ERROR;
				CLANG_WARN_EMPTY_BODY = YES;
				CLANG_WARN_ENUM_CONVERSION = YES;
				CLANG_WARN_INT_CONVERSION = YES;
				CLANG_WARN_OBJC_ROOT_CLASS = YES_ERROR;
				CLANG_WARN_UNREACHABLE_CODE = YES;
				CLANG_WARN__DUPLICATE_METHOD_MATCH = YES;
				"CODE_SIGN_IDENTITY[sdk=iphoneos*]" = "iPhone Developer";
				COPY_PHASE_STRIP = NO;
				DEBUG_INFORMATION_FORMAT = "dwarf-with-dsym";
				ENABLE_NS_ASSERTIONS = NO;
				ENABLE_STRICT_OBJC_MSGSEND = YES;
				GCC_C_LANGUAGE_STANDARD = gnu99;
				GCC_NO_COMMON_BLOCKS = YES;
				GCC_WARN_64_TO_32_BIT_CONVERSION = YES;
				GCC_WARN_ABOUT_RETURN_TYPE = YES_ERROR;
				GCC_WARN_UNDECLARED_SELECTOR = YES;
				GCC_WARN_UNINITIALIZED_AUTOS = YES_AGGRESSIVE;
				GCC_WARN_UNUSED_FUNCTION = YES;
				GCC_WARN_UNUSED_VARIABLE = YES;
				IPHONEOS_DEPLOYMENT_TARGET = 9.3;
				MTL_ENABLE_DEBUG_INFO = NO;
				SDKROOT = iphoneos;
				TARGETED_DEVICE_FAMILY = "1,2";
				VALIDATE_PRODUCT = YES;
			};
			name = Release;
		};
		02ADCD391D7749610088AFFD /* Debug */ = {
			isa = XCBuildConfiguration;
			buildSettings = {
				ASSETCATALOG_COMPILER_APPICON_NAME = AppIcon;
				INFOPLIST_FILE = Stitches/Info.plist;
				LD_RUNPATH_SEARCH_PATHS = "$(inherited) @executable_path/Frameworks";
				PRODUCT_BUNDLE_IDENTIFIER = me.ryanfox.ios.Stitches;
				PRODUCT_NAME = "$(TARGET_NAME)";
			};
			name = Debug;
		};
		02ADCD3A1D7749610088AFFD /* Release */ = {
			isa = XCBuildConfiguration;
			buildSettings = {
				ASSETCATALOG_COMPILER_APPICON_NAME = AppIcon;
				INFOPLIST_FILE = Stitches/Info.plist;
				LD_RUNPATH_SEARCH_PATHS = "$(inherited) @executable_path/Frameworks";
				PRODUCT_BUNDLE_IDENTIFIER = me.ryanfox.ios.Stitches;
				PRODUCT_NAME = "$(TARGET_NAME)";
			};
			name = Release;
		};
		02ADCD3C1D7749610088AFFD /* Debug */ = {
			isa = XCBuildConfiguration;
			buildSettings = {
				BUNDLE_LOADER = "$(TEST_HOST)";
				INFOPLIST_FILE = StitchesTests/Info.plist;
				LD_RUNPATH_SEARCH_PATHS = "$(inherited) @executable_path/Frameworks @loader_path/Frameworks";
				PRODUCT_BUNDLE_IDENTIFIER = me.ryanfox.ios.StitchesTests;
				PRODUCT_NAME = "$(TARGET_NAME)";
				TEST_HOST = "$(BUILT_PRODUCTS_DIR)/Stitches.app/Stitches";
			};
			name = Debug;
		};
		02ADCD3D1D7749610088AFFD /* Release */ = {
			isa = XCBuildConfiguration;
			buildSettings = {
				BUNDLE_LOADER = "$(TEST_HOST)";
				INFOPLIST_FILE = StitchesTests/Info.plist;
				LD_RUNPATH_SEARCH_PATHS = "$(inherited) @executable_path/Frameworks @loader_path/Frameworks";
				PRODUCT_BUNDLE_IDENTIFIER = me.ryanfox.ios.StitchesTests;
				PRODUCT_NAME = "$(TARGET_NAME)";
				TEST_HOST = "$(BUILT_PRODUCTS_DIR)/Stitches.app/Stitches";
			};
			name = Release;
		};
		02ADCD3F1D7749610088AFFD /* Debug */ = {
			isa = XCBuildConfiguration;
			buildSettings = {
				INFOPLIST_FILE = StitchesUITests/Info.plist;
				LD_RUNPATH_SEARCH_PATHS = "$(inherited) @executable_path/Frameworks @loader_path/Frameworks";
				PRODUCT_BUNDLE_IDENTIFIER = me.ryanfox.ios.StitchesUITests;
				PRODUCT_NAME = "$(TARGET_NAME)";
				TEST_TARGET_NAME = Stitches;
			};
			name = Debug;
		};
		02ADCD401D7749610088AFFD /* Release */ = {
			isa = XCBuildConfiguration;
			buildSettings = {
				INFOPLIST_FILE = StitchesUITests/Info.plist;
				LD_RUNPATH_SEARCH_PATHS = "$(inherited) @executable_path/Frameworks @loader_path/Frameworks";
				PRODUCT_BUNDLE_IDENTIFIER = me.ryanfox.ios.StitchesUITests;
				PRODUCT_NAME = "$(TARGET_NAME)";
				TEST_TARGET_NAME = Stitches;
			};
			name = Release;
		};
/* End XCBuildConfiguration section */

/* Begin XCConfigurationList section */
		02ADCD061D7749610088AFFD /* Build configuration list for PBXProject "Stitches" */ = {
			isa = XCConfigurationList;
			buildConfigurations = (
				02ADCD361D7749610088AFFD /* Debug */,
				02ADCD371D7749610088AFFD /* Release */,
			);
			defaultConfigurationIsVisible = 0;
			defaultConfigurationName = Release;
		};
		02ADCD381D7749610088AFFD /* Build configuration list for PBXNativeTarget "Stitches" */ = {
			isa = XCConfigurationList;
			buildConfigurations = (
				02ADCD391D7749610088AFFD /* Debug */,
				02ADCD3A1D7749610088AFFD /* Release */,
			);
			defaultConfigurationIsVisible = 0;
			defaultConfigurationName = Release;
		};
		02ADCD3B1D7749610088AFFD /* Build configuration list for PBXNativeTarget "StitchesTests" */ = {
			isa = XCConfigurationList;
			buildConfigurations = (
				02ADCD3C1D7749610088AFFD /* Debug */,
				02ADCD3D1D7749610088AFFD /* Release */,
			);
			defaultConfigurationIsVisible = 0;
			defaultConfigurationName = Release;
		};
		02ADCD3E1D7749610088AFFD /* Build configuration list for PBXNativeTarget "StitchesUITests" */ = {
			isa = XCConfigurationList;
			buildConfigurations = (
				02ADCD3F1D7749610088AFFD /* Debug */,
				02ADCD401D7749610088AFFD /* Release */,
			);
			defaultConfigurationIsVisible = 0;
			defaultConfigurationName = Release;
		};
/* End XCConfigurationList section */
	};
	rootObject = 02ADCD031D7749610088AFFD /* Project object */;
}
